{
  "name": "assets",
  "lockfileVersion": 3,
  "requires": true,
  "packages": {
    "": {
      "dependencies": {
        "headless-vpl": "^0.3.0"
      }
    },
    "node_modules/headless-vpl": {
      "version": "0.3.0",
      "resolved": "https://registry.npmjs.org/headless-vpl/-/headless-vpl-0.3.0.tgz",
      "integrity": "sha512-2VTyk54imdWck4duVylefvN/ZSGqvbTSrSSuM0LJjhvTBICUvcBoIBJfrvyBSHBpR/lK/T8vg1BS2XQ6ymF6NA==",
      "license": "MIT"
    }
  }
}
